<?xml version="1.0" encoding="utf-8"?>
<Project ToolsVersion="4.0" xmlns="http://schemas.microsoft.com/developer/msbuild/2003">
  <ItemGroup>
    <ClCompile Include="Triangle1.cpp" />
    <ClCompile Include="Triangle2.cpp" />
    <ClCompile Include="Triangle3.cpp" />
    <ClCompile Include="Texture1.cpp" />
    <ClCompile Include="Texture2.cpp" />
    <ClCompile Include="Transform1.cpp" />
    <ClCompile Include="Transform2.cpp" />
    <ClCompile Include="UseCamera1.cpp" />
    <ClCompile Include="UseCamera2.cpp" />
    <ClCompile Include="Light1.cpp" />
    <ClCompile Include="Light2.cpp" />
    <ClCompile Include="Materials.cpp" />
    <ClCompile Include="LightingMap.cpp" />
    <ClCompile Include="LightCasters.cpp" />
    <ClCompile Include="SpotLight.cpp" />
    <ClCompile Include="MultipleLights.cpp" />
    <ClCompile Include="common\Shader.cpp">
      <Filter>common</Filter>
    </ClCompile>
    <ClCompile Include="ModelLoading.cpp" />
  </ItemGroup>
  <ItemGroup>
    <ClInclude Include="common\Camera.hpp">
      <Filter>common</Filter>
    </ClInclude>
    <ClInclude Include="common\Mesh.hpp">
      <Filter>common</Filter>
    </ClInclude>
    <ClInclude Include="common\Model.hpp">
      <Filter>common</Filter>
    </ClInclude>
    <ClInclude Include="common\Shader.h">
      <Filter>common</Filter>
    </ClInclude>
  </ItemGroup>
  <ItemGroup>
    <Filter Include="shaders">
      <UniqueIdentifier>{e7069454-37ad-4984-b68c-ed82fd18bfa7}</UniqueIdentifier>
    </Filter>
    <Filter Include="common">
      <UniqueIdentifier>{b11fec10-2842-437e-8080-18270c26a517}</UniqueIdentifier>
    </Filter>
  </ItemGroup>
  <ItemGroup>
    <None Include="shaders\camera.fs">
      <Filter>shaders</Filter>
    </None>
    <None Include="shaders\camera.vs">
      <Filter>shaders</Filter>
    </None>
    <None Include="shaders\lamp.fs">
      <Filter>shaders</Filter>
    </None>
    <None Include="shaders\lamp.vs">
      <Filter>shaders</Filter>
    </None>
    <None Include="shaders\light1.fs">
      <Filter>shaders</Filter>
    </None>
    <None Include="shaders\light1.vs">
      <Filter>shaders</Filter>
    </None>
    <None Include="shaders\light2.fs">
      <Filter>shaders</Filter>
    </None>
    <None Include="shaders\light2.vs">
      <Filter>shaders</Filter>
    </None>
    <None Include="shaders\materials.fs">
      <Filter>shaders</Filter>
    </None>
    <None Include="shaders\materials.vs">
      <Filter>shaders</Filter>
    </None>
    <None Include="shaders\shader.fs">
      <Filter>shaders</Filter>
    </None>
    <None Include="shaders\shader.vs">
      <Filter>shaders</Filter>
    </None>
    <None Include="shaders\texture1.fs">
      <Filter>shaders</Filter>
    </None>
    <None Include="shaders\texture1.vs">
      <Filter>shaders</Filter>
    </None>
    <None Include="shaders\texture2.fs">
      <Filter>shaders</Filter>
    </None>
    <None Include="shaders\texture2.vs">
      <Filter>shaders</Filter>
    </None>
    <None Include="shaders\transform.fs">
      <Filter>shaders</Filter>
    </None>
    <None Include="shaders\transform.vs">
      <Filter>shaders</Filter>
    </None>
    <None Include="shaders\lightingmap.fs">
      <Filter>shaders</Filter>
    </None>
    <None Include="shaders\lightingmap.vs">
      <Filter>shaders</Filter>
    </None>
    <None Include="shaders\lightcasters.fs">
      <Filter>shaders</Filter>
    </None>
    <None Include="shaders\lightcasters.vs">
      <Filter>shaders</Filter>
    </None>
    <None Include="shaders\spotlight.fs">
      <Filter>shaders</Filter>
    </None>
    <None Include="shaders\spotlight.vs">
      <Filter>shaders</Filter>
    </None>
    <None Include="shaders\spotlightsoft.fs">
      <Filter>shaders</Filter>
    </None>
    <None Include="shaders\multiplelights.fs">
      <Filter>shaders</Filter>
    </None>
    <None Include="shaders\multiplelights.vs">
      <Filter>shaders</Filter>
    </None>
    <None Include="shaders\modelloading.fs">
      <Filter>shaders</Filter>
    </None>
    <None Include="shaders\modelloading.vs">
      <Filter>shaders</Filter>
    </None>
  </ItemGroup>
</Project>